
Microsoft Visual Studio Solution File, Format Version 12.00
# Visual Studio Version 16
VisualStudioVersion = 16.0.32630.194
MinimumVisualStudioVersion = 10.0.40219.1
Project("{FAE04EC0-301F-11D3-BF4B-00C04F79EFBC}") = "Survey_System", "Survey_System\Survey_System.csproj", "{35448AC8-1923-4686-9BAB-6DD947134E75}"
EndProject
Global
	GlobalSection(SolutionConfigurationPlatforms) = preSolution
		Debug|Any CPU = Debug|Any CPU
		Release|Any CPU = Release|Any CPU
	EndGlobalSection
	GlobalSection(ProjectConfigurationPlatforms) = postSolution
		{35448AC8-1923-4686-9BAB-6DD947134E75}.Debug|Any CPU.ActiveCfg = Debug|Any CPU
		{35448AC8-1923-4686-9BAB-6DD947134E75}.Debug|Any CPU.Build.0 = Debug|Any CPU
		{35448AC8-1923-4686-9BAB-6DD947134E75}.Release|Any CPU.ActiveCfg = Release|Any CPU
		{35448AC8-1923-4686-9BAB-6DD947134E75}.Release|Any CPU.Build.0 = Release|Any CPU
	EndGlobalSection
	GlobalSection(SolutionProperties) = preSolution
		HideSolutionNode = FALSE
	EndGlobalSection
	GlobalSection(ExtensibilityGlobals) = postSolution
		SolutionGuid = {74433E90-71BE-4CFD-B3B5-2EE8A52B2F89}
	EndGlobalSection
EndGlobal
